
Microsoft Visual Studio Solution File, Format Version 12.00
# Visual Studio Version 16
VisualStudioVersion = 16.0.30309.148
MinimumVisualStudioVersion = 10.0.40219.1
Project("{9A19103F-16F7-4668-BE54-9A1E7A4F7556}") = "WebAPI", "WebAPI\WebAPI.csproj", "{2A830D1B-F300-481F-B240-368AEA02B6B6}"
EndProject
Project("{9A19103F-16F7-4668-BE54-9A1E7A4F7556}") = "Data.EF", "Data.EF\Data.EF.csproj", "{35630DE7-1F1B-4F79-A34A-B130AEBF3CA4}"
EndProject
Project("{9A19103F-16F7-4668-BE54-9A1E7A4F7556}") = "Data.Dapper", "Data.Dapper\Data.Dapper.csproj", "{C0A87B48-1282-4EEA-B802-6134743C6830}"
EndProject
Project("{FAE04EC0-301F-11D3-BF4B-00C04F79EFBC}") = "Data.Abstraction", "Data.Abstraction\Data.Abstraction.csproj", "{A0A28CBB-15DC-4822-A592-20E587348B1A}"
EndProject
Project("{FAE04EC0-301F-11D3-BF4B-00C04F79EFBC}") = "Service.Abstraction", "Service.Abstraction\Service.Abstraction.csproj", "{23FF2137-7F4E-40E2-81B1-7A6DD716C54A}"
EndProject
Project("{FAE04EC0-301F-11D3-BF4B-00C04F79EFBC}") = "Service", "Service\Service.csproj", "{8F3975DF-8DF6-46A1-BFA4-AE4CDFA22FEA}"
EndProject
Global
	GlobalSection(SolutionConfigurationPlatforms) = preSolution
		Debug|Any CPU = Debug|Any CPU
		Release|Any CPU = Release|Any CPU
	EndGlobalSection
	GlobalSection(ProjectConfigurationPlatforms) = postSolution
		{2A830D1B-F300-481F-B240-368AEA02B6B6}.Debug|Any CPU.ActiveCfg = Debug|Any CPU
		{2A830D1B-F300-481F-B240-368AEA02B6B6}.Debug|Any CPU.Build.0 = Debug|Any CPU
		{2A830D1B-F300-481F-B240-368AEA02B6B6}.Release|Any CPU.ActiveCfg = Release|Any CPU
		{2A830D1B-F300-481F-B240-368AEA02B6B6}.Release|Any CPU.Build.0 = Release|Any CPU
		{35630DE7-1F1B-4F79-A34A-B130AEBF3CA4}.Debug|Any CPU.ActiveCfg = Debug|Any CPU
		{35630DE7-1F1B-4F79-A34A-B130AEBF3CA4}.Debug|Any CPU.Build.0 = Debug|Any CPU
		{35630DE7-1F1B-4F79-A34A-B130AEBF3CA4}.Release|Any CPU.ActiveCfg = Release|Any CPU
		{35630DE7-1F1B-4F79-A34A-B130AEBF3CA4}.Release|Any CPU.Build.0 = Release|Any CPU
		{C0A87B48-1282-4EEA-B802-6134743C6830}.Debug|Any CPU.ActiveCfg = Debug|Any CPU
		{C0A87B48-1282-4EEA-B802-6134743C6830}.Debug|Any CPU.Build.0 = Debug|Any CPU
		{C0A87B48-1282-4EEA-B802-6134743C6830}.Release|Any CPU.ActiveCfg = Release|Any CPU
		{C0A87B48-1282-4EEA-B802-6134743C6830}.Release|Any CPU.Build.0 = Release|Any CPU
		{A0A28CBB-15DC-4822-A592-20E587348B1A}.Debug|Any CPU.ActiveCfg = Debug|Any CPU
		{A0A28CBB-15DC-4822-A592-20E587348B1A}.Debug|Any CPU.Build.0 = Debug|Any CPU
		{A0A28CBB-15DC-4822-A592-20E587348B1A}.Release|Any CPU.ActiveCfg = Release|Any CPU
		{A0A28CBB-15DC-4822-A592-20E587348B1A}.Release|Any CPU.Build.0 = Release|Any CPU
		{23FF2137-7F4E-40E2-81B1-7A6DD716C54A}.Debug|Any CPU.ActiveCfg = Debug|Any CPU
		{23FF2137-7F4E-40E2-81B1-7A6DD716C54A}.Debug|Any CPU.Build.0 = Debug|Any CPU
		{23FF2137-7F4E-40E2-81B1-7A6DD716C54A}.Release|Any CPU.ActiveCfg = Release|Any CPU
		{23FF2137-7F4E-40E2-81B1-7A6DD716C54A}.Release|Any CPU.Build.0 = Release|Any CPU
		{8F3975DF-8DF6-46A1-BFA4-AE4CDFA22FEA}.Debug|Any CPU.ActiveCfg = Debug|Any CPU
		{8F3975DF-8DF6-46A1-BFA4-AE4CDFA22FEA}.Debug|Any CPU.Build.0 = Debug|Any CPU
		{8F3975DF-8DF6-46A1-BFA4-AE4CDFA22FEA}.Release|Any CPU.ActiveCfg = Release|Any CPU
		{8F3975DF-8DF6-46A1-BFA4-AE4CDFA22FEA}.Release|Any CPU.Build.0 = Release|Any CPU
	EndGlobalSection
	GlobalSection(SolutionProperties) = preSolution
		HideSolutionNode = FALSE
	EndGlobalSection
	GlobalSection(ExtensibilityGlobals) = postSolution
		SolutionGuid = {0F0F836F-7B07-4B57-A986-8733FB7ADBDF}
	EndGlobalSection
EndGlobal
